// !$*UTF8*$!
{
	archiveVersion = 1;
	classes = {
	};
	objectVersion = 46;
	objects = {

/* Begin PBXBuildFile section */
		33AF9F051D4C57C700E01144 /* AppDelegate.swift in Sources */ = {isa = PBXBuildFile; fileRef = 33AF9F041D4C57C700E01144 /* AppDelegate.swift */; };
		33AF9F071D4C57C700E01144 /* ViewController.swift in Sources */ = {isa = PBXBuildFile; fileRef = 33AF9F061D4C57C700E01144 /* ViewController.swift */; };
		33AF9F0A1D4C57C700E01144 /* Main.storyboard in Resources */ = {isa = PBXBuildFile; fileRef = 33AF9F081D4C57C700E01144 /* Main.storyboard */; };
		33AF9F0D1D4C57C700E01144 /* hardCarry.xcdatamodeld in Sources */ = {isa = PBXBuildFile; fileRef = 33AF9F0B1D4C57C700E01144 /* hardCarry.xcdatamodeld */; };
		33AF9F0F1D4C57C700E01144 /* Assets.xcassets in Resources */ = {isa = PBXBuildFile; fileRef = 33AF9F0E1D4C57C700E01144 /* Assets.xcassets */; };
		33AF9F121D4C57C700E01144 /* LaunchScreen.storyboard in Resources */ = {isa = PBXBuildFile; fileRef = 33AF9F101D4C57C700E01144 /* LaunchScreen.storyboard */; };
		33AF9F1D1D4C57C800E01144 /* hardCarryTests.swift in Sources */ = {isa = PBXBuildFile; fileRef = 33AF9F1C1D4C57C800E01144 /* hardCarryTests.swift */; };
		33AF9F281D4C57C800E01144 /* hardCarryUITests.swift in Sources */ = {isa = PBXBuildFile; fileRef = 33AF9F271D4C57C800E01144 /* hardCarryUITests.swift */; };
/* End PBXBuildFile section */

/* Begin PBXContainerItemProxy section */
		33AF9F191D4C57C800E01144 /* PBXContainerItemProxy */ = {
			isa = PBXContainerItemProxy;
			containerPortal = 33AF9EF91D4C57C700E01144 /* Project object */;
			proxyType = 1;
			remoteGlobalIDString = 33AF9F001D4C57C700E01144;
			remoteInfo = hardCarry;
		};
		33AF9F241D4C57C800E01144 /* PBXContainerItemProxy */ = {
			isa = PBXContainerItemProxy;
			containerPortal = 33AF9EF91D4C57C700E01144 /* Project object */;
			proxyType = 1;
			remoteGlobalIDString = 33AF9F001D4C57C700E01144;
			remoteInfo = hardCarry;
		};
/* End PBXContainerItemProxy section */

/* Begin PBXFileReference section */
		33AF9F011D4C57C700E01144 /* hardCarry.app */ = {isa = PBXFileReference; explicitFileType = wrapper.application; includeInIndex = 0; path = hardCarry.app; sourceTree = BUILT_PRODUCTS_DIR; };
		33AF9F041D4C57C700E01144 /* AppDelegate.swift */ = {isa = PBXFileReference; lastKnownFileType = sourcecode.swift; path = AppDelegate.swift; sourceTree = "<group>"; };
		33AF9F061D4C57C700E01144 /* ViewController.swift */ = {isa = PBXFileReference; lastKnownFileType = sourcecode.swift; path = ViewController.swift; sourceTree = "<group>"; };
		33AF9F091D4C57C700E01144 /* Base */ = {isa = PBXFileReference; lastKnownFileType = file.storyboard; name = Base; path = Base.lproj/Main.storyboard; sourceTree = "<group>"; };
		33AF9F0C1D4C57C700E01144 /* hardCarry.xcdatamodel */ = {isa = PBXFileReference; lastKnownFileType = wrapper.xcdatamodel; path = hardCarry.xcdatamodel; sourceTree = "<group>"; };
		33AF9F0E1D4C57C700E01144 /* Assets.xcassets */ = {isa = PBXFileReference; lastKnownFileType = folder.assetcatalog; path = Assets.xcassets; sourceTree = "<group>"; };
		33AF9F111D4C57C700E01144 /* Base */ = {isa = PBXFileReference; lastKnownFileType = file.storyboard; name = Base; path = Base.lproj/LaunchScreen.storyboard; sourceTree = "<group>"; };
		33AF9F131D4C57C700E01144 /* Info.plist */ = {isa = PBXFileReference; lastKnownFileType = text.plist.xml; path = Info.plist; sourceTree = "<group>"; };
		33AF9F181D4C57C800E01144 /* hardCarryTests.xctest */ = {isa = PBXFileReference; explicitFileType = wrapper.cfbundle; includeInIndex = 0; path = hardCarryTests.xctest; sourceTree = BUILT_PRODUCTS_DIR; };
		33AF9F1C1D4C57C800E01144 /* hardCarryTests.swift */ = {isa = PBXFileReference; lastKnownFileType = sourcecode.swift; path = hardCarryTests.swift; sourceTree = "<group>"; };
		33AF9F1E1D4C57C800E01144 /* Info.plist */ = {isa = PBXFileReference; lastKnownFileType = text.plist.xml; path = Info.plist; sourceTree = "<group>"; };
		33AF9F231D4C57C800E01144 /* hardCarryUITests.xctest */ = {isa = PBXFileReference; explicitFileType = wrapper.cfbundle; includeInIndex = 0; path = hardCarryUITests.xctest; sourceTree = BUILT_PRODUCTS_DIR; };
		33AF9F271D4C57C800E01144 /* hardCarryUITests.swift */ = {isa = PBXFileReference; lastKnownFileType = sourcecode.swift; path = hardCarryUITests.swift; sourceTree = "<group>"; };
		33AF9F291D4C57C800E01144 /* Info.plist */ = {isa = PBXFileReference; lastKnownFileType = text.plist.xml; path = Info.plist; sourceTree = "<group>"; };
/* End PBXFileReference section */

/* Begin PBXFrameworksBuildPhase section */
		33AF9EFE1D4C57C700E01144 /* Frameworks */ = {
			isa = PBXFrameworksBuildPhase;
			buildActionMask = 2147483647;
			files = (
			);
			runOnlyForDeploymentPostprocessing = 0;
		};
		33AF9F151D4C57C800E01144 /* Frameworks */ = {
			isa = PBXFrameworksBuildPhase;
			buildActionMask = 2147483647;
			files = (
			);
			runOnlyForDeploymentPostprocessing = 0;
		};
		33AF9F201D4C57C800E01144 /* Frameworks */ = {
			isa = PBXFrameworksBuildPhase;
			buildActionMask = 2147483647;
			files = (
			);
			runOnlyForDeploymentPostprocessing = 0;
		};
/* End PBXFrameworksBuildPhase section */

/* Begin PBXGroup section */
		33AF9EF81D4C57C700E01144 = {
			isa = PBXGroup;
			children = (
				33AF9F031D4C57C700E01144 /* hardCarry */,
				33AF9F1B1D4C57C800E01144 /* hardCarryTests */,
				33AF9F261D4C57C800E01144 /* hardCarryUITests */,
				33AF9F021D4C57C700E01144 /* Products */,
			);
			sourceTree = "<group>";
		};
		33AF9F021D4C57C700E01144 /* Products */ = {
			isa = PBXGroup;
			children = (
				33AF9F011D4C57C700E01144 /* hardCarry.app */,
				33AF9F181D4C57C800E01144 /* hardCarryTests.xctest */,
				33AF9F231D4C57C800E01144 /* hardCarryUITests.xctest */,
			);
			name = Products;
			sourceTree = "<group>";
		};
		33AF9F031D4C57C700E01144 /* hardCarry */ = {
			isa = PBXGroup;
			children = (
				33AF9F041D4C57C700E01144 /* AppDelegate.swift */,
				33AF9F061D4C57C700E01144 /* ViewController.swift */,
				33AF9F081D4C57C700E01144 /* Main.storyboard */,
				33AF9F0E1D4C57C700E01144 /* Assets.xcassets */,
				33AF9F101D4C57C700E01144 /* LaunchScreen.storyboard */,
				33AF9F131D4C57C700E01144 /* Info.plist */,
				33AF9F0B1D4C57C700E01144 /* hardCarry.xcdatamodeld */,
			);
			path = hardCarry;
			sourceTree = "<group>";
		};
		33AF9F1B1D4C57C800E01144 /* hardCarryTests */ = {
			isa = PBXGroup;
			children = (
				33AF9F1C1D4C57C800E01144 /* hardCarryTests.swift */,
				33AF9F1E1D4C57C800E01144 /* Info.plist */,
			);
			path = hardCarryTests;
			sourceTree = "<group>";
		};
		33AF9F261D4C57C800E01144 /* hardCarryUITests */ = {
			isa = PBXGroup;
			children = (
				33AF9F271D4C57C800E01144 /* hardCarryUITests.swift */,
				33AF9F291D4C57C800E01144 /* Info.plist */,
			);
			path = hardCarryUITests;
			sourceTree = "<group>";
		};
/* End PBXGroup section */

/* Begin PBXNativeTarget section */
		33AF9F001D4C57C700E01144 /* hardCarry */ = {
			isa = PBXNativeTarget;
			buildConfigurationList = 33AF9F2C1D4C57C800E01144 /* Build configuration list for PBXNativeTarget "hardCarry" */;
			buildPhases = (
				33AF9EFD1D4C57C700E01144 /* Sources */,
				33AF9EFE1D4C57C700E01144 /* Frameworks */,
				33AF9EFF1D4C57C700E01144 /* Resources */,
			);
			buildRules = (
			);
			dependencies = (
			);
			name = hardCarry;
			productName = hardCarry;
			productReference = 33AF9F011D4C57C700E01144 /* hardCarry.app */;
			productType = "com.apple.product-type.application";
		};
		33AF9F171D4C57C800E01144 /* hardCarryTests */ = {
			isa = PBXNativeTarget;
			buildConfigurationList = 33AF9F2F1D4C57C800E01144 /* Build configuration list for PBXNativeTarget "hardCarryTests" */;
			buildPhases = (
				33AF9F141D4C57C800E01144 /* Sources */,
				33AF9F151D4C57C800E01144 /* Frameworks */,
				33AF9F161D4C57C800E01144 /* Resources */,
			);
			buildRules = (
			);
			dependencies = (
				33AF9F1A1D4C57C800E01144 /* PBXTargetDependency */,
			);
			name = hardCarryTests;
			productName = hardCarryTests;
			productReference = 33AF9F181D4C57C800E01144 /* hardCarryTests.xctest */;
			productType = "com.apple.product-type.bundle.unit-test";
		};
		33AF9F221D4C57C800E01144 /* hardCarryUITests */ = {
			isa = PBXNativeTarget;
			buildConfigurationList = 33AF9F321D4C57C800E01144 /* Build configuration list for PBXNativeTarget "hardCarryUITests" */;
			buildPhases = (
				33AF9F1F1D4C57C800E01144 /* Sources */,
				33AF9F201D4C57C800E01144 /* Frameworks */,
				33AF9F211D4C57C800E01144 /* Resources */,
			);
			buildRules = (
			);
			dependencies = (
				33AF9F251D4C57C800E01144 /* PBXTargetDependency */,
			);
			name = hardCarryUITests;
			productName = hardCarryUITests;
			productReference = 33AF9F231D4C57C800E01144 /* hardCarryUITests.xctest */;
			productType = "com.apple.product-type.bundle.ui-testing";
		};
/* End PBXNativeTarget section */

/* Begin PBXProject section */
		33AF9EF91D4C57C700E01144 /* Project object */ = {
			isa = PBXProject;
			attributes = {
				LastSwiftUpdateCheck = 0730;
				LastUpgradeCheck = 0730;
				ORGANIZATIONNAME = HAN;
				TargetAttributes = {
					33AF9F001D4C57C700E01144 = {
						CreatedOnToolsVersion = 7.3.1;
						DevelopmentTeam = 46RG67J3E7;
					};
					33AF9F171D4C57C800E01144 = {
						CreatedOnToolsVersion = 7.3.1;
						DevelopmentTeam = 46RG67J3E7;
						TestTargetID = 33AF9F001D4C57C700E01144;
					};
					33AF9F221D4C57C800E01144 = {
						CreatedOnToolsVersion = 7.3.1;
						DevelopmentTeam = 46RG67J3E7;
						TestTargetID = 33AF9F001D4C57C700E01144;
					};
				};
			};
			buildConfigurationList = 33AF9EFC1D4C57C700E01144 /* Build configuration list for PBXProject "hardCarry" */;
			compatibilityVersion = "Xcode 3.2";
			developmentRegion = English;
			hasScannedForEncodings = 0;
			knownRegions = (
				en,
				Base,
			);
			mainGroup = 33AF9EF81D4C57C700E01144;
			productRefGroup = 33AF9F021D4C57C700E01144 /* Products */;
			projectDirPath = "";
			projectRoot = "";
			targets = (
				33AF9F001D4C57C700E01144 /* hardCarry */,
				33AF9F171D4C57C800E01144 /* hardCarryTests */,
				33AF9F221D4C57C800E01144 /* hardCarryUITests */,
			);
		};
/* End PBXProject section */

/* Begin PBXResourcesBuildPhase section */
		33AF9EFF1D4C57C700E01144 /* Resources */ = {
			isa = PBXResourcesBuildPhase;
			buildActionMask = 2147483647;
			files = (
				33AF9F121D4C57C700E01144 /* LaunchScreen.storyboard in Resources */,
				33AF9F0F1D4C57C700E01144 /* Assets.xcassets in Resources */,
				33AF9F0A1D4C57C700E01144 /* Main.storyboard in Resources */,
			);
			runOnlyForDeploymentPostprocessing = 0;
		};
		33AF9F161D4C57C800E01144 /* Resources */ = {
			isa = PBXResourcesBuildPhase;
			buildActionMask = 2147483647;
			files = (
			);
			runOnlyForDeploymentPostprocessing = 0;
		};
		33AF9F211D4C57C800E01144 /* Resources */ = {
			isa = PBXResourcesBuildPhase;
			buildActionMask = 2147483647;
			files = (
			);
			runOnlyForDeploymentPostprocessing = 0;
		};
/* End PBXResourcesBuildPhase section */

/* Begin PBXSourcesBuildPhase section */
		33AF9EFD1D4C57C700E01144 /* Sources */ = {
			isa = PBXSourcesBuildPhase;
			buildActionMask = 2147483647;
			files = (
				33AF9F071D4C57C700E01144 /* ViewController.swift in Sources */,
				33AF9F051D4C57C700E01144 /* AppDelegate.swift in Sources */,
				33AF9F0D1D4C57C700E01144 /* hardCarry.xcdatamodeld in Sources */,
			);
			runOnlyForDeploymentPostprocessing = 0;
		};
		33AF9F141D4C57C800E01144 /* Sources */ = {
			isa = PBXSourcesBuildPhase;
			buildActionMask = 2147483647;
			files = (
				33AF9F1D1D4C57C800E01144 /* hardCarryTests.swift in Sources */,
			);
			runOnlyForDeploymentPostprocessing = 0;
		};
		33AF9F1F1D4C57C800E01144 /* Sources */ = {
			isa = PBXSourcesBuildPhase;
			buildActionMask = 2147483647;
			files = (
				33AF9F281D4C57C800E01144 /* hardCarryUITests.swift in Sources */,
			);
			runOnlyForDeploymentPostprocessing = 0;
		};
/* End PBXSourcesBuildPhase section */

/* Begin PBXTargetDependency section */
		33AF9F1A1D4C57C800E01144 /* PBXTargetDependency */ = {
			isa = PBXTargetDependency;
			target = 33AF9F001D4C57C700E01144 /* hardCarry */;
			targetProxy = 33AF9F191D4C57C800E01144 /* PBXContainerItemProxy */;
		};
		33AF9F251D4C57C800E01144 /* PBXTargetDependency */ = {
			isa = PBXTargetDependency;
			target = 33AF9F001D4C57C700E01144 /* hardCarry */;
			targetProxy = 33AF9F241D4C57C800E01144 /* PBXContainerItemProxy */;
		};
/* End PBXTargetDependency section */

/* Begin PBXVariantGroup section */
		33AF9F081D4C57C700E01144 /* Main.storyboard */ = {
			isa = PBXVariantGroup;
			children = (
				33AF9F091D4C57C700E01144 /* Base */,
			);
			name = Main.storyboard;
			sourceTree = "<group>";
		};
		33AF9F101D4C57C700E01144 /* LaunchScreen.storyboard */ = {
			isa = PBXVariantGroup;
			children = (
				33AF9F111D4C57C700E01144 /* Base */,
			);
			name = LaunchScreen.storyboard;
			sourceTree = "<group>";
		};
/* End PBXVariantGroup section */

/* Begin XCBuildConfiguration section */
		33AF9F2A1D4C57C800E01144 /* Debug */ = {
			isa = XCBuildConfiguration;
			buildSettings = {
				ALWAYS_SEARCH_USER_PATHS = NO;
				CLANG_ANALYZER_NONNULL = YES;
				CLANG_CXX_LANGUAGE_STANDARD = "gnu++0x";
				CLANG_CXX_LIBRARY = "libc++";
				CLANG_ENABLE_MODULES = YES;
				CLANG_ENABLE_OBJC_ARC = YES;
				CLANG_WARN_BOOL_CONVERSION = YES;
				CLANG_WARN_CONSTANT_CONVERSION = YES;
				CLANG_WARN_DIRECT_OBJC_ISA_USAGE = YES_ERROR;
				CLANG_WARN_EMPTY_BODY = YES;
				CLANG_WARN_ENUM_CONVERSION = YES;
				CLANG_WARN_INT_CONVERSION = YES;
				CLANG_WARN_OBJC_ROOT_CLASS = YES_ERROR;
				CLANG_WARN_UNREACHABLE_CODE = YES;
				CLANG_WARN__DUPLICATE_METHOD_MATCH = YES;
				"CODE_SIGN_IDENTITY[sdk=iphoneos*]" = "iPhone Developer";
				COPY_PHASE_STRIP = NO;
				DEBUG_INFORMATION_FORMAT = dwarf;
				ENABLE_STRICT_OBJC_MSGSEND = YES;
				ENABLE_TESTABILITY = YES;
				GCC_C_LANGUAGE_STANDARD = gnu99;
				GCC_DYNAMIC_NO_PIC = NO;
				GCC_NO_COMMON_BLOCKS = YES;
				GCC_OPTIMIZATION_LEVEL = 0;
				GCC_PREPROCESSOR_DEFINITIONS = (
					"DEBUG=1",
					"$(inherited)",
				);
				GCC_WARN_64_TO_32_BIT_CONVERSION = YES;
				GCC_WARN_ABOUT_RETURN_TYPE = YES_ERROR;
				GCC_WARN_UNDECLARED_SELECTOR = YES;
				GCC_WARN_UNINITIALIZED_AUTOS = YES_AGGRESSIVE;
				GCC_WARN_UNUSED_FUNCTION = YES;
				GCC_WARN_UNUSED_VARIABLE = YES;
				IPHONEOS_DEPLOYMENT_TARGET = 9.3;
				MTL_ENABLE_DEBUG_INFO = YES;
				ONLY_ACTIVE_ARCH = YES;
				SDKROOT = iphoneos;
				SWIFT_OPTIMIZATION_LEVEL = "-Onone";
				TARGETED_DEVICE_FAMILY = "1,2";
			};
			name = Debug;
		};
		33AF9F2B1D4C57C800E01144 /* Release */ = {
			isa = XCBuildConfiguration;
			buildSettings = {
				ALWAYS_SEARCH_USER_PATHS = NO;
				CLANG_ANALYZER_NONNULL = YES;
				CLANG_CXX_LANGUAGE_STANDARD = "gnu++0x";
				CLANG_CXX_LIBRARY = "libc++";
				CLANG_ENABLE_MODULES = YES;
				CLANG_ENABLE_OBJC_ARC = YES;
				CLANG_WARN_BOOL_CONVERSION = YES;
				CLANG_WARN_CONSTANT_CONVERSION = YES;
				CLANG_WARN_DIRECT_OBJC_ISA_USAGE = YES_ERROR;
				CLANG_WARN_EMPTY_BODY = YES;
				CLANG_WARN_ENUM_CONVERSION = YES;
				CLANG_WARN_INT_CONVERSION = YES;
				CLANG_WARN_OBJC_ROOT_CLASS = YES_ERROR;
				CLANG_WARN_UNREACHABLE_CODE = YES;
				CLANG_WARN__DUPLICATE_METHOD_MATCH = YES;
				"CODE_SIGN_IDENTITY[sdk=iphoneos*]" = "iPhone Developer";
				COPY_PHASE_STRIP = NO;
				DEBUG_INFORMATION_FORMAT = "dwarf-with-dsym";
				ENABLE_NS_ASSERTIONS = NO;
				ENABLE_STRICT_OBJC_MSGSEND = YES;
				GCC_C_LANGUAGE_STANDARD = gnu99;
				GCC_NO_COMMON_BLOCKS = YES;
				GCC_WARN_64_TO_32_BIT_CONVERSION = YES;
				GCC_WARN_ABOUT_RETURN_TYPE = YES_ERROR;
				GCC_WARN_UNDECLARED_SELECTOR = YES;
				GCC_WARN_UNINITIALIZED_AUTOS = YES_AGGRESSIVE;
				GCC_WARN_UNUSED_FUNCTION = YES;
				GCC_WARN_UNUSED_VARIABLE = YES;
				IPHONEOS_DEPLOYMENT_TARGET = 9.3;
				MTL_ENABLE_DEBUG_INFO = NO;
				SDKROOT = iphoneos;
				TARGETED_DEVICE_FAMILY = "1,2";
				VALIDATE_PRODUCT = YES;
			};
			name = Release;
		};
		33AF9F2D1D4C57C800E01144 /* Debug */ = {
			isa = XCBuildConfiguration;
			buildSettings = {
				ASSETCATALOG_COMPILER_APPICON_NAME = AppIcon;
				INFOPLIST_FILE = hardCarry/Info.plist;
				LD_RUNPATH_SEARCH_PATHS = "$(inherited) @executable_path/Frameworks";
				PRODUCT_BUNDLE_IDENTIFIER = com.gihohan.shopping.hardCarry;
				PRODUCT_NAME = "$(TARGET_NAME)";
			};
			name = Debug;
		};
		33AF9F2E1D4C57C800E01144 /* Release */ = {
			isa = XCBuildConfiguration;
			buildSettings = {
				ASSETCATALOG_COMPILER_APPICON_NAME = AppIcon;
				INFOPLIST_FILE = hardCarry/Info.plist;
				LD_RUNPATH_SEARCH_PATHS = "$(inherited) @executable_path/Frameworks";
				PRODUCT_BUNDLE_IDENTIFIER = com.gihohan.shopping.hardCarry;
				PRODUCT_NAME = "$(TARGET_NAME)";
			};
			name = Release;
		};
		33AF9F301D4C57C800E01144 /* Debug */ = {
			isa = XCBuildConfiguration;
			buildSettings = {
				BUNDLE_LOADER = "$(TEST_HOST)";
				INFOPLIST_FILE = hardCarryTests/Info.plist;
				LD_RUNPATH_SEARCH_PATHS = "$(inherited) @executable_path/Frameworks @loader_path/Frameworks";
				PRODUCT_BUNDLE_IDENTIFIER = com.gihohan.shopping.hardCarryTests;
				PRODUCT_NAME = "$(TARGET_NAME)";
				TEST_HOST = "$(BUILT_PRODUCTS_DIR)/hardCarry.app/hardCarry";
			};
			name = Debug;
		};
		33AF9F311D4C57C800E01144 /* Release */ = {
			isa = XCBuildConfiguration;
			buildSettings = {
				BUNDLE_LOADER = "$(TEST_HOST)";
				INFOPLIST_FILE = hardCarryTests/Info.plist;
				LD_RUNPATH_SEARCH_PATHS = "$(inherited) @executable_path/Frameworks @loader_path/Frameworks";
				PRODUCT_BUNDLE_IDENTIFIER = com.gihohan.shopping.hardCarryTests;
				PRODUCT_NAME = "$(TARGET_NAME)";
				TEST_HOST = "$(BUILT_PRODUCTS_DIR)/hardCarry.app/hardCarry";
			};
			name = Release;
		};
		33AF9F331D4C57C800E01144 /* Debug */ = {
			isa = XCBuildConfiguration;
			buildSettings = {
				INFOPLIST_FILE = hardCarryUITests/Info.plist;
				LD_RUNPATH_SEARCH_PATHS = "$(inherited) @executable_path/Frameworks @loader_path/Frameworks";
				PRODUCT_BUNDLE_IDENTIFIER = com.gihohan.shopping.hardCarryUITests;
				PRODUCT_NAME = "$(TARGET_NAME)";
				TEST_TARGET_NAME = hardCarry;
			};
			name = Debug;
		};
		33AF9F341D4C57C800E01144 /* Release */ = {
			isa = XCBuildConfiguration;
			buildSettings = {
				INFOPLIST_FILE = hardCarryUITests/Info.plist;
				LD_RUNPATH_SEARCH_PATHS = "$(inherited) @executable_path/Frameworks @loader_path/Frameworks";
				PRODUCT_BUNDLE_IDENTIFIER = com.gihohan.shopping.hardCarryUITests;
				PRODUCT_NAME = "$(TARGET_NAME)";
				TEST_TARGET_NAME = hardCarry;
			};
			name = Release;
		};
/* End XCBuildConfiguration section */

/* Begin XCConfigurationList section */
		33AF9EFC1D4C57C700E01144 /* Build configuration list for PBXProject "hardCarry" */ = {
			isa = XCConfigurationList;
			buildConfigurations = (
				33AF9F2A1D4C57C800E01144 /* Debug */,
				33AF9F2B1D4C57C800E01144 /* Release */,
			);
			defaultConfigurationIsVisible = 0;
			defaultConfigurationName = Release;
		};
		33AF9F2C1D4C57C800E01144 /* Build configuration list for PBXNativeTarget "hardCarry" */ = {
			isa = XCConfigurationList;
			buildConfigurations = (
				33AF9F2D1D4C57C800E01144 /* Debug */,
				33AF9F2E1D4C57C800E01144 /* Release */,
			);
			defaultConfigurationIsVisible = 0;
		};
		33AF9F2F1D4C57C800E01144 /* Build configuration list for PBXNativeTarget "hardCarryTests" */ = {
			isa = XCConfigurationList;
			buildConfigurations = (
				33AF9F301D4C57C800E01144 /* Debug */,
				33AF9F311D4C57C800E01144 /* Release */,
			);
			defaultConfigurationIsVisible = 0;
		};
		33AF9F321D4C57C800E01144 /* Build configuration list for PBXNativeTarget "hardCarryUITests" */ = {
			isa = XCConfigurationList;
			buildConfigurations = (
				33AF9F331D4C57C800E01144 /* Debug */,
				33AF9F341D4C57C800E01144 /* Release */,
			);
			defaultConfigurationIsVisible = 0;
		};
/* End XCConfigurationList section */

/* Begin XCVersionGroup section */
		33AF9F0B1D4C57C700E01144 /* hardCarry.xcdatamodeld */ = {
			isa = XCVersionGroup;
			children = (
				33AF9F0C1D4C57C700E01144 /* hardCarry.xcdatamodel */,
			);
			currentVersion = 33AF9F0C1D4C57C700E01144 /* hardCarry.xcdatamodel */;
			path = hardCarry.xcdatamodeld;
			sourceTree = "<group>";
			versionGroupType = wrapper.xcdatamodel;
		};
/* End XCVersionGroup section */
	};
	rootObject = 33AF9EF91D4C57C700E01144 /* Project object */;
}
